
Microsoft Visual Studio Solution File, Format Version 12.00
# Visual Studio Version 17
VisualStudioVersion = 17.1.32319.34
MinimumVisualStudioVersion = 10.0.40219.1
Project("{FAE04EC0-301F-11D3-BF4B-00C04F79EFBC}") = "Destro", "Destro\Destro.csproj", "{7F66BA14-C058-42C8-9578-50971EBB612D}"
EndProject
Global
	GlobalSection(SolutionConfigurationPlatforms) = preSolution
		Debug|Any CPU = Debug|Any CPU
		Release|Any CPU = Release|Any CPU
	EndGlobalSection
	GlobalSection(ProjectConfigurationPlatforms) = postSolution
		{7F66BA14-C058-42C8-9578-50971EBB612D}.Debug|Any CPU.ActiveCfg = Debug|Any CPU
		{7F66BA14-C058-42C8-9578-50971EBB612D}.Debug|Any CPU.Build.0 = Debug|Any CPU
		{7F66BA14-C058-42C8-9578-50971EBB612D}.Release|Any CPU.ActiveCfg = Release|Any CPU
		{7F66BA14-C058-42C8-9578-50971EBB612D}.Release|Any CPU.Build.0 = Release|Any CPU
	EndGlobalSection
	GlobalSection(SolutionProperties) = preSolution
		HideSolutionNode = FALSE
	EndGlobalSection
	GlobalSection(ExtensibilityGlobals) = postSolution
		SolutionGuid = {6A7DBA3E-B323-4D50-8AD5-4FD15A706314}
	EndGlobalSection
EndGlobal
